
Microsoft Visual Studio Solution File, Format Version 12.00
# Visual Studio 15
VisualStudioVersion = 15.0.27703.2018
MinimumVisualStudioVersion = 10.0.40219.1
Project("{FAE04EC0-301F-11D3-BF4B-00C04F79EFBC}") = "Receiver", "ConsoleApp2\Receiver.csproj", "{FC515999-9BD4-4B71-9F58-9C1EDCF4493C}"
EndProject
Project("{FAE04EC0-301F-11D3-BF4B-00C04F79EFBC}") = "DemoRPC", "DemoRPC\DemoRPC.csproj", "{F9865B32-7AD0-4E9E-B585-EEE97254118A}"
EndProject
Global
	GlobalSection(SolutionConfigurationPlatforms) = preSolution
		Debug|Any CPU = Debug|Any CPU
		Release|Any CPU = Release|Any CPU
	EndGlobalSection
	GlobalSection(ProjectConfigurationPlatforms) = postSolution
		{FC515999-9BD4-4B71-9F58-9C1EDCF4493C}.Debug|Any CPU.ActiveCfg = Debug|Any CPU
		{FC515999-9BD4-4B71-9F58-9C1EDCF4493C}.Debug|Any CPU.Build.0 = Debug|Any CPU
		{FC515999-9BD4-4B71-9F58-9C1EDCF4493C}.Release|Any CPU.ActiveCfg = Release|Any CPU
		{FC515999-9BD4-4B71-9F58-9C1EDCF4493C}.Release|Any CPU.Build.0 = Release|Any CPU
		{F9865B32-7AD0-4E9E-B585-EEE97254118A}.Debug|Any CPU.ActiveCfg = Debug|Any CPU
		{F9865B32-7AD0-4E9E-B585-EEE97254118A}.Debug|Any CPU.Build.0 = Debug|Any CPU
		{F9865B32-7AD0-4E9E-B585-EEE97254118A}.Release|Any CPU.ActiveCfg = Release|Any CPU
		{F9865B32-7AD0-4E9E-B585-EEE97254118A}.Release|Any CPU.Build.0 = Release|Any CPU
	EndGlobalSection
	GlobalSection(SolutionProperties) = preSolution
		HideSolutionNode = FALSE
	EndGlobalSection
	GlobalSection(ExtensibilityGlobals) = postSolution
		SolutionGuid = {E3EDD4D8-EF45-4210-B912-2DC10992AA26}
	EndGlobalSection
EndGlobal
